// !$*UTF8*$!
{
	archiveVersion = 1;
	classes = {
	};
	objectVersion = 50;
	objects = {

/* Begin PBXBuildFile section */
		D0AD506D25EE9E0D00FCE627 /* AppDelegate.swift in Sources */ = {isa = PBXBuildFile; fileRef = D0AD506C25EE9E0D00FCE627 /* AppDelegate.swift */; };
		D0AD506F25EE9E0D00FCE627 /* SceneDelegate.swift in Sources */ = {isa = PBXBuildFile; fileRef = D0AD506E25EE9E0D00FCE627 /* SceneDelegate.swift */; };
		D0AD507125EE9E0D00FCE627 /* ViewController.swift in Sources */ = {isa = PBXBuildFile; fileRef = D0AD507025EE9E0D00FCE627 /* ViewController.swift */; };
		D0AD507425EE9E0D00FCE627 /* Main.storyboard in Resources */ = {isa = PBXBuildFile; fileRef = D0AD507225EE9E0D00FCE627 /* Main.storyboard */; };
		D0AD507625EE9E0E00FCE627 /* Assets.xcassets in Resources */ = {isa = PBXBuildFile; fileRef = D0AD507525EE9E0E00FCE627 /* Assets.xcassets */; };
		D0AD507925EE9E0E00FCE627 /* LaunchScreen.storyboard in Resources */ = {isa = PBXBuildFile; fileRef = D0AD507725EE9E0E00FCE627 /* LaunchScreen.storyboard */; };
		D0AD508425EE9E0E00FCE627 /* MovieBoxProTests.swift in Sources */ = {isa = PBXBuildFile; fileRef = D0AD508325EE9E0E00FCE627 /* MovieBoxProTests.swift */; };
		D0AD508F25EE9E0E00FCE627 /* MovieBoxProUITests.swift in Sources */ = {isa = PBXBuildFile; fileRef = D0AD508E25EE9E0E00FCE627 /* MovieBoxProUITests.swift */; };
/* End PBXBuildFile section */

/* Begin PBXContainerItemProxy section */
		D0AD508025EE9E0E00FCE627 /* PBXContainerItemProxy */ = {
			isa = PBXContainerItemProxy;
			containerPortal = D0AD506125EE9E0D00FCE627 /* Project object */;
			proxyType = 1;
			remoteGlobalIDString = D0AD506825EE9E0D00FCE627;
			remoteInfo = MovieBoxPro;
		};
		D0AD508B25EE9E0E00FCE627 /* PBXContainerItemProxy */ = {
			isa = PBXContainerItemProxy;
			containerPortal = D0AD506125EE9E0D00FCE627 /* Project object */;
			proxyType = 1;
			remoteGlobalIDString = D0AD506825EE9E0D00FCE627;
			remoteInfo = MovieBoxPro;
		};
/* End PBXContainerItemProxy section */

/* Begin PBXFileReference section */
		D0AD506925EE9E0D00FCE627 /* MovieBoxPro.app */ = {isa = PBXFileReference; explicitFileType = wrapper.application; includeInIndex = 0; path = MovieBoxPro.app; sourceTree = BUILT_PRODUCTS_DIR; };
		D0AD506C25EE9E0D00FCE627 /* AppDelegate.swift */ = {isa = PBXFileReference; lastKnownFileType = sourcecode.swift; path = AppDelegate.swift; sourceTree = "<group>"; };
		D0AD506E25EE9E0D00FCE627 /* SceneDelegate.swift */ = {isa = PBXFileReference; lastKnownFileType = sourcecode.swift; path = SceneDelegate.swift; sourceTree = "<group>"; };
		D0AD507025EE9E0D00FCE627 /* ViewController.swift */ = {isa = PBXFileReference; lastKnownFileType = sourcecode.swift; path = ViewController.swift; sourceTree = "<group>"; };
		D0AD507325EE9E0D00FCE627 /* Base */ = {isa = PBXFileReference; lastKnownFileType = file.storyboard; name = Base; path = Base.lproj/Main.storyboard; sourceTree = "<group>"; };
		D0AD507525EE9E0E00FCE627 /* Assets.xcassets */ = {isa = PBXFileReference; lastKnownFileType = folder.assetcatalog; path = Assets.xcassets; sourceTree = "<group>"; };
		D0AD507825EE9E0E00FCE627 /* Base */ = {isa = PBXFileReference; lastKnownFileType = file.storyboard; name = Base; path = Base.lproj/LaunchScreen.storyboard; sourceTree = "<group>"; };
		D0AD507A25EE9E0E00FCE627 /* Info.plist */ = {isa = PBXFileReference; lastKnownFileType = text.plist.xml; path = Info.plist; sourceTree = "<group>"; };
		D0AD507F25EE9E0E00FCE627 /* MovieBoxProTests.xctest */ = {isa = PBXFileReference; explicitFileType = wrapper.cfbundle; includeInIndex = 0; path = MovieBoxProTests.xctest; sourceTree = BUILT_PRODUCTS_DIR; };
		D0AD508325EE9E0E00FCE627 /* MovieBoxProTests.swift */ = {isa = PBXFileReference; lastKnownFileType = sourcecode.swift; path = MovieBoxProTests.swift; sourceTree = "<group>"; };
		D0AD508525EE9E0E00FCE627 /* Info.plist */ = {isa = PBXFileReference; lastKnownFileType = text.plist.xml; path = Info.plist; sourceTree = "<group>"; };
		D0AD508A25EE9E0E00FCE627 /* MovieBoxProUITests.xctest */ = {isa = PBXFileReference; explicitFileType = wrapper.cfbundle; includeInIndex = 0; path = MovieBoxProUITests.xctest; sourceTree = BUILT_PRODUCTS_DIR; };
		D0AD508E25EE9E0E00FCE627 /* MovieBoxProUITests.swift */ = {isa = PBXFileReference; lastKnownFileType = sourcecode.swift; path = MovieBoxProUITests.swift; sourceTree = "<group>"; };
		D0AD509025EE9E0E00FCE627 /* Info.plist */ = {isa = PBXFileReference; lastKnownFileType = text.plist.xml; path = Info.plist; sourceTree = "<group>"; };
/* End PBXFileReference section */

/* Begin PBXFrameworksBuildPhase section */
		D0AD506625EE9E0D00FCE627 /* Frameworks */ = {
			isa = PBXFrameworksBuildPhase;
			buildActionMask = 2147483647;
			files = (
			);
			runOnlyForDeploymentPostprocessing = 0;
		};
		D0AD507C25EE9E0E00FCE627 /* Frameworks */ = {
			isa = PBXFrameworksBuildPhase;
			buildActionMask = 2147483647;
			files = (
			);
			runOnlyForDeploymentPostprocessing = 0;
		};
		D0AD508725EE9E0E00FCE627 /* Frameworks */ = {
			isa = PBXFrameworksBuildPhase;
			buildActionMask = 2147483647;
			files = (
			);
			runOnlyForDeploymentPostprocessing = 0;
		};
/* End PBXFrameworksBuildPhase section */

/* Begin PBXGroup section */
		D0AD506025EE9E0D00FCE627 = {
			isa = PBXGroup;
			children = (
				D0AD506B25EE9E0D00FCE627 /* MovieBoxPro */,
				D0AD508225EE9E0E00FCE627 /* MovieBoxProTests */,
				D0AD508D25EE9E0E00FCE627 /* MovieBoxProUITests */,
				D0AD506A25EE9E0D00FCE627 /* Products */,
			);
			sourceTree = "<group>";
		};
		D0AD506A25EE9E0D00FCE627 /* Products */ = {
			isa = PBXGroup;
			children = (
				D0AD506925EE9E0D00FCE627 /* MovieBoxPro.app */,
				D0AD507F25EE9E0E00FCE627 /* MovieBoxProTests.xctest */,
				D0AD508A25EE9E0E00FCE627 /* MovieBoxProUITests.xctest */,
			);
			name = Products;
			sourceTree = "<group>";
		};
		D0AD506B25EE9E0D00FCE627 /* MovieBoxPro */ = {
			isa = PBXGroup;
			children = (
				D0AD506C25EE9E0D00FCE627 /* AppDelegate.swift */,
				D0AD506E25EE9E0D00FCE627 /* SceneDelegate.swift */,
				D0AD507025EE9E0D00FCE627 /* ViewController.swift */,
				D0AD507225EE9E0D00FCE627 /* Main.storyboard */,
				D0AD507525EE9E0E00FCE627 /* Assets.xcassets */,
				D0AD507725EE9E0E00FCE627 /* LaunchScreen.storyboard */,
				D0AD507A25EE9E0E00FCE627 /* Info.plist */,
			);
			path = MovieBoxPro;
			sourceTree = "<group>";
		};
		D0AD508225EE9E0E00FCE627 /* MovieBoxProTests */ = {
			isa = PBXGroup;
			children = (
				D0AD508325EE9E0E00FCE627 /* MovieBoxProTests.swift */,
				D0AD508525EE9E0E00FCE627 /* Info.plist */,
			);
			path = MovieBoxProTests;
			sourceTree = "<group>";
		};
		D0AD508D25EE9E0E00FCE627 /* MovieBoxProUITests */ = {
			isa = PBXGroup;
			children = (
				D0AD508E25EE9E0E00FCE627 /* MovieBoxProUITests.swift */,
				D0AD509025EE9E0E00FCE627 /* Info.plist */,
			);
			path = MovieBoxProUITests;
			sourceTree = "<group>";
		};
/* End PBXGroup section */

/* Begin PBXNativeTarget section */
		D0AD506825EE9E0D00FCE627 /* MovieBoxPro */ = {
			isa = PBXNativeTarget;
			buildConfigurationList = D0AD509325EE9E0E00FCE627 /* Build configuration list for PBXNativeTarget "MovieBoxPro" */;
			buildPhases = (
				D0AD506525EE9E0D00FCE627 /* Sources */,
				D0AD506625EE9E0D00FCE627 /* Frameworks */,
				D0AD506725EE9E0D00FCE627 /* Resources */,
			);
			buildRules = (
			);
			dependencies = (
			);
			name = MovieBoxPro;
			productName = MovieBoxPro;
			productReference = D0AD506925EE9E0D00FCE627 /* MovieBoxPro.app */;
			productType = "com.apple.product-type.application";
		};
		D0AD507E25EE9E0E00FCE627 /* MovieBoxProTests */ = {
			isa = PBXNativeTarget;
			buildConfigurationList = D0AD509625EE9E0E00FCE627 /* Build configuration list for PBXNativeTarget "MovieBoxProTests" */;
			buildPhases = (
				D0AD507B25EE9E0E00FCE627 /* Sources */,
				D0AD507C25EE9E0E00FCE627 /* Frameworks */,
				D0AD507D25EE9E0E00FCE627 /* Resources */,
			);
			buildRules = (
			);
			dependencies = (
				D0AD508125EE9E0E00FCE627 /* PBXTargetDependency */,
			);
			name = MovieBoxProTests;
			productName = MovieBoxProTests;
			productReference = D0AD507F25EE9E0E00FCE627 /* MovieBoxProTests.xctest */;
			productType = "com.apple.product-type.bundle.unit-test";
		};
		D0AD508925EE9E0E00FCE627 /* MovieBoxProUITests */ = {
			isa = PBXNativeTarget;
			buildConfigurationList = D0AD509925EE9E0E00FCE627 /* Build configuration list for PBXNativeTarget "MovieBoxProUITests" */;
			buildPhases = (
				D0AD508625EE9E0E00FCE627 /* Sources */,
				D0AD508725EE9E0E00FCE627 /* Frameworks */,
				D0AD508825EE9E0E00FCE627 /* Resources */,
			);
			buildRules = (
			);
			dependencies = (
				D0AD508C25EE9E0E00FCE627 /* PBXTargetDependency */,
			);
			name = MovieBoxProUITests;
			productName = MovieBoxProUITests;
			productReference = D0AD508A25EE9E0E00FCE627 /* MovieBoxProUITests.xctest */;
			productType = "com.apple.product-type.bundle.ui-testing";
		};
/* End PBXNativeTarget section */

/* Begin PBXProject section */
		D0AD506125EE9E0D00FCE627 /* Project object */ = {
			isa = PBXProject;
			attributes = {
				LastSwiftUpdateCheck = 1240;
				LastUpgradeCheck = 1240;
				TargetAttributes = {
					D0AD506825EE9E0D00FCE627 = {
						CreatedOnToolsVersion = 12.4;
					};
					D0AD507E25EE9E0E00FCE627 = {
						CreatedOnToolsVersion = 12.4;
						TestTargetID = D0AD506825EE9E0D00FCE627;
					};
					D0AD508925EE9E0E00FCE627 = {
						CreatedOnToolsVersion = 12.4;
						TestTargetID = D0AD506825EE9E0D00FCE627;
					};
				};
			};
			buildConfigurationList = D0AD506425EE9E0D00FCE627 /* Build configuration list for PBXProject "MovieBoxPro" */;
			compatibilityVersion = "Xcode 9.3";
			developmentRegion = en;
			hasScannedForEncodings = 0;
			knownRegions = (
				en,
				Base,
			);
			mainGroup = D0AD506025EE9E0D00FCE627;
			productRefGroup = D0AD506A25EE9E0D00FCE627 /* Products */;
			projectDirPath = "";
			projectRoot = "";
			targets = (
				D0AD506825EE9E0D00FCE627 /* MovieBoxPro */,
				D0AD507E25EE9E0E00FCE627 /* MovieBoxProTests */,
				D0AD508925EE9E0E00FCE627 /* MovieBoxProUITests */,
			);
		};
/* End PBXProject section */

/* Begin PBXResourcesBuildPhase section */
		D0AD506725EE9E0D00FCE627 /* Resources */ = {
			isa = PBXResourcesBuildPhase;
			buildActionMask = 2147483647;
			files = (
				D0AD507925EE9E0E00FCE627 /* LaunchScreen.storyboard in Resources */,
				D0AD507625EE9E0E00FCE627 /* Assets.xcassets in Resources */,
				D0AD507425EE9E0D00FCE627 /* Main.storyboard in Resources */,
			);
			runOnlyForDeploymentPostprocessing = 0;
		};
		D0AD507D25EE9E0E00FCE627 /* Resources */ = {
			isa = PBXResourcesBuildPhase;
			buildActionMask = 2147483647;
			files = (
			);
			runOnlyForDeploymentPostprocessing = 0;
		};
		D0AD508825EE9E0E00FCE627 /* Resources */ = {
			isa = PBXResourcesBuildPhase;
			buildActionMask = 2147483647;
			files = (
			);
			runOnlyForDeploymentPostprocessing = 0;
		};
/* End PBXResourcesBuildPhase section */

/* Begin PBXSourcesBuildPhase section */
		D0AD506525EE9E0D00FCE627 /* Sources */ = {
			isa = PBXSourcesBuildPhase;
			buildActionMask = 2147483647;
			files = (
				D0AD507125EE9E0D00FCE627 /* ViewController.swift in Sources */,
				D0AD506D25EE9E0D00FCE627 /* AppDelegate.swift in Sources */,
				D0AD506F25EE9E0D00FCE627 /* SceneDelegate.swift in Sources */,
			);
			runOnlyForDeploymentPostprocessing = 0;
		};
		D0AD507B25EE9E0E00FCE627 /* Sources */ = {
			isa = PBXSourcesBuildPhase;
			buildActionMask = 2147483647;
			files = (
				D0AD508425EE9E0E00FCE627 /* MovieBoxProTests.swift in Sources */,
			);
			runOnlyForDeploymentPostprocessing = 0;
		};
		D0AD508625EE9E0E00FCE627 /* Sources */ = {
			isa = PBXSourcesBuildPhase;
			buildActionMask = 2147483647;
			files = (
				D0AD508F25EE9E0E00FCE627 /* MovieBoxProUITests.swift in Sources */,
			);
			runOnlyForDeploymentPostprocessing = 0;
		};
/* End PBXSourcesBuildPhase section */

/* Begin PBXTargetDependency section */
		D0AD508125EE9E0E00FCE627 /* PBXTargetDependency */ = {
			isa = PBXTargetDependency;
			target = D0AD506825EE9E0D00FCE627 /* MovieBoxPro */;
			targetProxy = D0AD508025EE9E0E00FCE627 /* PBXContainerItemProxy */;
		};
		D0AD508C25EE9E0E00FCE627 /* PBXTargetDependency */ = {
			isa = PBXTargetDependency;
			target = D0AD506825EE9E0D00FCE627 /* MovieBoxPro */;
			targetProxy = D0AD508B25EE9E0E00FCE627 /* PBXContainerItemProxy */;
		};
/* End PBXTargetDependency section */

/* Begin PBXVariantGroup section */
		D0AD507225EE9E0D00FCE627 /* Main.storyboard */ = {
			isa = PBXVariantGroup;
			children = (
				D0AD507325EE9E0D00FCE627 /* Base */,
			);
			name = Main.storyboard;
			sourceTree = "<group>";
		};
		D0AD507725EE9E0E00FCE627 /* LaunchScreen.storyboard */ = {
			isa = PBXVariantGroup;
			children = (
				D0AD507825EE9E0E00FCE627 /* Base */,
			);
			name = LaunchScreen.storyboard;
			sourceTree = "<group>";
		};
/* End PBXVariantGroup section */

/* Begin XCBuildConfiguration section */
		D0AD509125EE9E0E00FCE627 /* Debug */ = {
			isa = XCBuildConfiguration;
			buildSettings = {
				ALWAYS_SEARCH_USER_PATHS = NO;
				CLANG_ANALYZER_NONNULL = YES;
				CLANG_ANALYZER_NUMBER_OBJECT_CONVERSION = YES_AGGRESSIVE;
				CLANG_CXX_LANGUAGE_STANDARD = "gnu++14";
				CLANG_CXX_LIBRARY = "libc++";
				CLANG_ENABLE_MODULES = YES;
				CLANG_ENABLE_OBJC_ARC = YES;
				CLANG_ENABLE_OBJC_WEAK = YES;
				CLANG_WARN_BLOCK_CAPTURE_AUTORELEASING = YES;
				CLANG_WARN_BOOL_CONVERSION = YES;
				CLANG_WARN_COMMA = YES;
				CLANG_WARN_CONSTANT_CONVERSION = YES;
				CLANG_WARN_DEPRECATED_OBJC_IMPLEMENTATIONS = YES;
				CLANG_WARN_DIRECT_OBJC_ISA_USAGE = YES_ERROR;
				CLANG_WARN_DOCUMENTATION_COMMENTS = YES;
				CLANG_WARN_EMPTY_BODY = YES;
				CLANG_WARN_ENUM_CONVERSION = YES;
				CLANG_WARN_INFINITE_RECURSION = YES;
				CLANG_WARN_INT_CONVERSION = YES;
				CLANG_WARN_NON_LITERAL_NULL_CONVERSION = YES;
				CLANG_WARN_OBJC_IMPLICIT_RETAIN_SELF = YES;
				CLANG_WARN_OBJC_LITERAL_CONVERSION = YES;
				CLANG_WARN_OBJC_ROOT_CLASS = YES_ERROR;
				CLANG_WARN_QUOTED_INCLUDE_IN_FRAMEWORK_HEADER = YES;
				CLANG_WARN_RANGE_LOOP_ANALYSIS = YES;
				CLANG_WARN_STRICT_PROTOTYPES = YES;
				CLANG_WARN_SUSPICIOUS_MOVE = YES;
				CLANG_WARN_UNGUARDED_AVAILABILITY = YES_AGGRESSIVE;
				CLANG_WARN_UNREACHABLE_CODE = YES;
				CLANG_WARN__DUPLICATE_METHOD_MATCH = YES;
				COPY_PHASE_STRIP = NO;
				DEBUG_INFORMATION_FORMAT = dwarf;
				ENABLE_STRICT_OBJC_MSGSEND = YES;
				ENABLE_TESTABILITY = YES;
				GCC_C_LANGUAGE_STANDARD = gnu11;
				GCC_DYNAMIC_NO_PIC = NO;
				GCC_NO_COMMON_BLOCKS = YES;
				GCC_OPTIMIZATION_LEVEL = 0;
				GCC_PREPROCESSOR_DEFINITIONS = (
					"DEBUG=1",
					"$(inherited)",
				);
				GCC_WARN_64_TO_32_BIT_CONVERSION = YES;
				GCC_WARN_ABOUT_RETURN_TYPE = YES_ERROR;
				GCC_WARN_UNDECLARED_SELECTOR = YES;
				GCC_WARN_UNINITIALIZED_AUTOS = YES_AGGRESSIVE;
				GCC_WARN_UNUSED_FUNCTION = YES;
				GCC_WARN_UNUSED_VARIABLE = YES;
				IPHONEOS_DEPLOYMENT_TARGET = 14.4;
				MTL_ENABLE_DEBUG_INFO = INCLUDE_SOURCE;
				MTL_FAST_MATH = YES;
				ONLY_ACTIVE_ARCH = YES;
				SDKROOT = iphoneos;
				SWIFT_ACTIVE_COMPILATION_CONDITIONS = DEBUG;
				SWIFT_OPTIMIZATION_LEVEL = "-Onone";
			};
			name = Debug;
		};
		D0AD509225EE9E0E00FCE627 /* Release */ = {
			isa = XCBuildConfiguration;
			buildSettings = {
				ALWAYS_SEARCH_USER_PATHS = NO;
				CLANG_ANALYZER_NONNULL = YES;
				CLANG_ANALYZER_NUMBER_OBJECT_CONVERSION = YES_AGGRESSIVE;
				CLANG_CXX_LANGUAGE_STANDARD = "gnu++14";
				CLANG_CXX_LIBRARY = "libc++";
				CLANG_ENABLE_MODULES = YES;
				CLANG_ENABLE_OBJC_ARC = YES;
				CLANG_ENABLE_OBJC_WEAK = YES;
				CLANG_WARN_BLOCK_CAPTURE_AUTORELEASING = YES;
				CLANG_WARN_BOOL_CONVERSION = YES;
				CLANG_WARN_COMMA = YES;
				CLANG_WARN_CONSTANT_CONVERSION = YES;
				CLANG_WARN_DEPRECATED_OBJC_IMPLEMENTATIONS = YES;
				CLANG_WARN_DIRECT_OBJC_ISA_USAGE = YES_ERROR;
				CLANG_WARN_DOCUMENTATION_COMMENTS = YES;
				CLANG_WARN_EMPTY_BODY = YES;
				CLANG_WARN_ENUM_CONVERSION = YES;
				CLANG_WARN_INFINITE_RECURSION = YES;
				CLANG_WARN_INT_CONVERSION = YES;
				CLANG_WARN_NON_LITERAL_NULL_CONVERSION = YES;
				CLANG_WARN_OBJC_IMPLICIT_RETAIN_SELF = YES;
				CLANG_WARN_OBJC_LITERAL_CONVERSION = YES;
				CLANG_WARN_OBJC_ROOT_CLASS = YES_ERROR;
				CLANG_WARN_QUOTED_INCLUDE_IN_FRAMEWORK_HEADER = YES;
				CLANG_WARN_RANGE_LOOP_ANALYSIS = YES;
				CLANG_WARN_STRICT_PROTOTYPES = YES;
				CLANG_WARN_SUSPICIOUS_MOVE = YES;
				CLANG_WARN_UNGUARDED_AVAILABILITY = YES_AGGRESSIVE;
				CLANG_WARN_UNREACHABLE_CODE = YES;
				CLANG_WARN__DUPLICATE_METHOD_MATCH = YES;
				COPY_PHASE_STRIP = NO;
				DEBUG_INFORMATION_FORMAT = "dwarf-with-dsym";
				ENABLE_NS_ASSERTIONS = NO;
				ENABLE_STRICT_OBJC_MSGSEND = YES;
				GCC_C_LANGUAGE_STANDARD = gnu11;
				GCC_NO_COMMON_BLOCKS = YES;
				GCC_WARN_64_TO_32_BIT_CONVERSION = YES;
				GCC_WARN_ABOUT_RETURN_TYPE = YES_ERROR;
				GCC_WARN_UNDECLARED_SELECTOR = YES;
				GCC_WARN_UNINITIALIZED_AUTOS = YES_AGGRESSIVE;
				GCC_WARN_UNUSED_FUNCTION = YES;
				GCC_WARN_UNUSED_VARIABLE = YES;
				IPHONEOS_DEPLOYMENT_TARGET = 14.4;
				MTL_ENABLE_DEBUG_INFO = NO;
				MTL_FAST_MATH = YES;
				SDKROOT = iphoneos;
				SWIFT_COMPILATION_MODE = wholemodule;
				SWIFT_OPTIMIZATION_LEVEL = "-O";
				VALIDATE_PRODUCT = YES;
			};
			name = Release;
		};
		D0AD509425EE9E0E00FCE627 /* Debug */ = {
			isa = XCBuildConfiguration;
			buildSettings = {
				ASSETCATALOG_COMPILER_APPICON_NAME = AppIcon;
				ASSETCATALOG_COMPILER_GLOBAL_ACCENT_COLOR_NAME = AccentColor;
				CODE_SIGN_STYLE = Automatic;
				DEVELOPMENT_TEAM = HTRSJ2P4PA;
				INFOPLIST_FILE = MovieBoxPro/Info.plist;
				LD_RUNPATH_SEARCH_PATHS = (
					"$(inherited)",
					"@executable_path/Frameworks",
				);
				PRODUCT_BUNDLE_IDENTIFIER = elia.jadoun.MovieBoxPro;
				PRODUCT_NAME = "$(TARGET_NAME)";
				SWIFT_VERSION = 5.0;
				TARGETED_DEVICE_FAMILY = "1,2";
			};
			name = Debug;
		};
		D0AD509525EE9E0E00FCE627 /* Release */ = {
			isa = XCBuildConfiguration;
			buildSettings = {
				ASSETCATALOG_COMPILER_APPICON_NAME = AppIcon;
				ASSETCATALOG_COMPILER_GLOBAL_ACCENT_COLOR_NAME = AccentColor;
				CODE_SIGN_STYLE = Automatic;
				DEVELOPMENT_TEAM = HTRSJ2P4PA;
				INFOPLIST_FILE = MovieBoxPro/Info.plist;
				LD_RUNPATH_SEARCH_PATHS = (
					"$(inherited)",
					"@executable_path/Frameworks",
				);
				PRODUCT_BUNDLE_IDENTIFIER = elia.jadoun.MovieBoxPro;
				PRODUCT_NAME = "$(TARGET_NAME)";
				SWIFT_VERSION = 5.0;
				TARGETED_DEVICE_FAMILY = "1,2";
			};
			name = Release;
		};
		D0AD509725EE9E0E00FCE627 /* Debug */ = {
			isa = XCBuildConfiguration;
			buildSettings = {
				ALWAYS_EMBED_SWIFT_STANDARD_LIBRARIES = YES;
				BUNDLE_LOADER = "$(TEST_HOST)";
				CODE_SIGN_STYLE = Automatic;
				DEVELOPMENT_TEAM = HTRSJ2P4PA;
				INFOPLIST_FILE = MovieBoxProTests/Info.plist;
				IPHONEOS_DEPLOYMENT_TARGET = 14.4;
				LD_RUNPATH_SEARCH_PATHS = (
					"$(inherited)",
					"@executable_path/Frameworks",
					"@loader_path/Frameworks",
				);
				PRODUCT_BUNDLE_IDENTIFIER = elia.jadoun.MovieBoxProTests;
				PRODUCT_NAME = "$(TARGET_NAME)";
				SWIFT_VERSION = 5.0;
				TARGETED_DEVICE_FAMILY = "1,2";
				TEST_HOST = "$(BUILT_PRODUCTS_DIR)/MovieBoxPro.app/MovieBoxPro";
			};
			name = Debug;
		};
		D0AD509825EE9E0E00FCE627 /* Release */ = {
			isa = XCBuildConfiguration;
			buildSettings = {
				ALWAYS_EMBED_SWIFT_STANDARD_LIBRARIES = YES;
				BUNDLE_LOADER = "$(TEST_HOST)";
				CODE_SIGN_STYLE = Automatic;
				DEVELOPMENT_TEAM = HTRSJ2P4PA;
				INFOPLIST_FILE = MovieBoxProTests/Info.plist;
				IPHONEOS_DEPLOYMENT_TARGET = 14.4;
				LD_RUNPATH_SEARCH_PATHS = (
					"$(inherited)",
					"@executable_path/Frameworks",
					"@loader_path/Frameworks",
				);
				PRODUCT_BUNDLE_IDENTIFIER = elia.jadoun.MovieBoxProTests;
				PRODUCT_NAME = "$(TARGET_NAME)";
				SWIFT_VERSION = 5.0;
				TARGETED_DEVICE_FAMILY = "1,2";
				TEST_HOST = "$(BUILT_PRODUCTS_DIR)/MovieBoxPro.app/MovieBoxPro";
			};
			name = Release;
		};
		D0AD509A25EE9E0E00FCE627 /* Debug */ = {
			isa = XCBuildConfiguration;
			buildSettings = {
				ALWAYS_EMBED_SWIFT_STANDARD_LIBRARIES = YES;
				CODE_SIGN_STYLE = Automatic;
				DEVELOPMENT_TEAM = HTRSJ2P4PA;
				INFOPLIST_FILE = MovieBoxProUITests/Info.plist;
				LD_RUNPATH_SEARCH_PATHS = (
					"$(inherited)",
					"@executable_path/Frameworks",
					"@loader_path/Frameworks",
				);
				PRODUCT_BUNDLE_IDENTIFIER = elia.jadoun.MovieBoxProUITests;
				PRODUCT_NAME = "$(TARGET_NAME)";
				SWIFT_VERSION = 5.0;
				TARGETED_DEVICE_FAMILY = "1,2";
				TEST_TARGET_NAME = MovieBoxPro;
			};
			name = Debug;
		};
		D0AD509B25EE9E0E00FCE627 /* Release */ = {
			isa = XCBuildConfiguration;
			buildSettings = {
				ALWAYS_EMBED_SWIFT_STANDARD_LIBRARIES = YES;
				CODE_SIGN_STYLE = Automatic;
				DEVELOPMENT_TEAM = HTRSJ2P4PA;
				INFOPLIST_FILE = MovieBoxProUITests/Info.plist;
				LD_RUNPATH_SEARCH_PATHS = (
					"$(inherited)",
					"@executable_path/Frameworks",
					"@loader_path/Frameworks",
				);
				PRODUCT_BUNDLE_IDENTIFIER = elia.jadoun.MovieBoxProUITests;
				PRODUCT_NAME = "$(TARGET_NAME)";
				SWIFT_VERSION = 5.0;
				TARGETED_DEVICE_FAMILY = "1,2";
				TEST_TARGET_NAME = MovieBoxPro;
			};
			name = Release;
		};
/* End XCBuildConfiguration section */

/* Begin XCConfigurationList section */
		D0AD506425EE9E0D00FCE627 /* Build configuration list for PBXProject "MovieBoxPro" */ = {
			isa = XCConfigurationList;
			buildConfigurations = (
				D0AD509125EE9E0E00FCE627 /* Debug */,
				D0AD509225EE9E0E00FCE627 /* Release */,
			);
			defaultConfigurationIsVisible = 0;
			defaultConfigurationName = Release;
		};
		D0AD509325EE9E0E00FCE627 /* Build configuration list for PBXNativeTarget "MovieBoxPro" */ = {
			isa = XCConfigurationList;
			buildConfigurations = (
				D0AD509425EE9E0E00FCE627 /* Debug */,
				D0AD509525EE9E0E00FCE627 /* Release */,
			);
			defaultConfigurationIsVisible = 0;
			defaultConfigurationName = Release;
		};
		D0AD509625EE9E0E00FCE627 /* Build configuration list for PBXNativeTarget "MovieBoxProTests" */ = {
			isa = XCConfigurationList;
			buildConfigurations = (
				D0AD509725EE9E0E00FCE627 /* Debug */,
				D0AD509825EE9E0E00FCE627 /* Release */,
			);
			defaultConfigurationIsVisible = 0;
			defaultConfigurationName = Release;
		};
		D0AD509925EE9E0E00FCE627 /* Build configuration list for PBXNativeTarget "MovieBoxProUITests" */ = {
			isa = XCConfigurationList;
			buildConfigurations = (
				D0AD509A25EE9E0E00FCE627 /* Debug */,
				D0AD509B25EE9E0E00FCE627 /* Release */,
			);
			defaultConfigurationIsVisible = 0;
			defaultConfigurationName = Release;
		};
/* End XCConfigurationList section */
	};
	rootObject = D0AD506125EE9E0D00FCE627 /* Project object */;
}
